<?xml version="1.0" encoding="utf-8"?>
<Project ToolsVersion="4.0" xmlns="http://schemas.microsoft.com/developer/msbuild/2003">
  <ItemGroup>
    <ClCompile Include="source\App.cpp">
      <Filter>Source Files</Filter>
    </ClCompile>
    <ClCompile Include="source\MyTriangle.cpp">
      <Filter>Source Files</Filter>
    </ClCompile>
    <ClCompile Include="source\MakeCylinder.cpp">
      <Filter>Source Files</Filter>
    </ClCompile>
    <ClCompile Include="source\TriangeList.cpp">
      <Filter>Source Files</Filter>
    </ClCompile>
    <ClCompile Include="source\Vector3D.cpp">
      <Filter>Source Files</Filter>
    </ClCompile>
    <ClCompile Include="source\PinholeCamera.cpp">
      <Filter>Source Files</Filter>
    </ClCompile>
    <ClCompile Include="source\Point3D.cpp">
      <Filter>Source Files</Filter>
    </ClCompile>
    <ClCompile Include="source\RayTracer.cpp">
      <Filter>Source Files</Filter>
    </ClCompile>
  </ItemGroup>
  <ItemGroup>
    <ClInclude Include="source\App.h">
      <Filter>Header Files</Filter>
    </ClInclude>
    <ClInclude Include="source\TriangeList.h">
      <Filter>Header Files</Filter>
    </ClInclude>
    <ClInclude Include="source\Point3D.h">
      <Filter>Header Files</Filter>
    </ClInclude>
    <ClInclude Include="source\MyTriangle.h">
      <Filter>Header Files</Filter>
    </ClInclude>
    <ClInclude Include="source\Vector3D.h">
      <Filter>Header Files</Filter>
    </ClInclude>
    <ClInclude Include="source\Ray.h">
      <Filter>Header Files</Filter>
    </ClInclude>
    <ClInclude Include="source\PinholeCamera.h">
      <Filter>Header Files</Filter>
    </ClInclude>
    <ClInclude Include="source\RayTracer.h">
      <Filter>Header Files</Filter>
    </ClInclude>
  </ItemGroup>
  <ItemGroup>
    <None Include="data-files\test.Scene.Any">
      <Filter>Scene Files</Filter>
    </None>
    <None Include="data-files\whiteCube.Scene.Any">
      <Filter>Scene Files</Filter>
    </None>
    <None Include="data-files\whiteCrate.Scene.Any">
      <Filter>Scene Files</Filter>
    </None>
    <None Include="data-files\cornellBox.Scene.Any">
      <Filter>Scene Files</Filter>
    </None>
  </ItemGroup>
  <ItemGroup>
    <Filter Include="Source Files">
      <UniqueIdentifier>{e022396f-0616-4d65-bb46-4497a9a24891}</UniqueIdentifier>
      <Extensions>*.cpp</Extensions>
    </Filter>
    <Filter Include="Header Files">
      <UniqueIdentifier>{7808eb57-c0e1-4947-8248-1127238ea26e}</UniqueIdentifier>
      <Extensions>*.h</Extensions>
    </Filter>
    <Filter Include="Shader Files">
      <UniqueIdentifier>{562523b7-dfa2-4cfa-acae-1ad7ade219dd}</UniqueIdentifier>
      <Extensions>*.vrt;*.geo;*.pix</Extensions>
    </Filter>
    <Filter Include="Scene Files">
      <UniqueIdentifier>{f7819c7b-69f2-4778-bec8-4dbee2bfa711}</UniqueIdentifier>
      <Extensions>*.any</Extensions>
    </Filter>
  </ItemGroup>
</Project>